// !$*UTF8*$!
{
	archiveVersion = 1;
	classes = {
	};
	objectVersion = 48;
	objects = {

/* Begin PBXBuildFile section */
		1F5B95A8205BEDB10024CCF0 /* MarkerView.xib in Resources */ = {isa = PBXBuildFile; fileRef = 1F5B95A7205BEDB10024CCF0 /* MarkerView.xib */; };
		1F5B95AA205BEDBF0024CCF0 /* MarkerView.swift in Sources */ = {isa = PBXBuildFile; fileRef = 1F5B95A9205BEDBF0024CCF0 /* MarkerView.swift */; };
		1F5B95AC205BFF920024CCF0 /* VelibHelper.swift in Sources */ = {isa = PBXBuildFile; fileRef = 1F5B95AB205BFF920024CCF0 /* VelibHelper.swift */; };
		1F723BD02055326E002B6283 /* AppDelegate.swift in Sources */ = {isa = PBXBuildFile; fileRef = 1F723BCF2055326E002B6283 /* AppDelegate.swift */; };
		1F723BD22055326E002B6283 /* MainViewController.swift in Sources */ = {isa = PBXBuildFile; fileRef = 1F723BD12055326E002B6283 /* MainViewController.swift */; };
		1F723BD52055326E002B6283 /* Main.storyboard in Resources */ = {isa = PBXBuildFile; fileRef = 1F723BD32055326E002B6283 /* Main.storyboard */; };
		1F723BD72055326E002B6283 /* Assets.xcassets in Resources */ = {isa = PBXBuildFile; fileRef = 1F723BD62055326E002B6283 /* Assets.xcassets */; };
		1F723BDA2055326E002B6283 /* LaunchScreen.storyboard in Resources */ = {isa = PBXBuildFile; fileRef = 1F723BD82055326E002B6283 /* LaunchScreen.storyboard */; };
		1F723BE52055326E002B6283 /* velib_mobile_iosTests.swift in Sources */ = {isa = PBXBuildFile; fileRef = 1F723BE42055326E002B6283 /* velib_mobile_iosTests.swift */; };
		1F723BF120553627002B6283 /* VelibClient.swift in Sources */ = {isa = PBXBuildFile; fileRef = 1F723BF020553627002B6283 /* VelibClient.swift */; };
		1F723BF420553761002B6283 /* VelibModel.swift in Sources */ = {isa = PBXBuildFile; fileRef = 1F723BF320553761002B6283 /* VelibModel.swift */; };
		1F723BF62055384D002B6283 /* PositionModel.swift in Sources */ = {isa = PBXBuildFile; fileRef = 1F723BF52055384D002B6283 /* PositionModel.swift */; };
		1F723BF9205541CA002B6283 /* VelibTableViewCell.xib in Resources */ = {isa = PBXBuildFile; fileRef = 1F723BF8205541C9002B6283 /* VelibTableViewCell.xib */; };
		1F723BFB205544F0002B6283 /* VelibTableViewCell.swift in Sources */ = {isa = PBXBuildFile; fileRef = 1F723BFA205544F0002B6283 /* VelibTableViewCell.swift */; };
		1F723BFE20554B41002B6283 /* VelibMainViewController.swift in Sources */ = {isa = PBXBuildFile; fileRef = 1F723BFD20554B41002B6283 /* VelibMainViewController.swift */; };
		4079F1542056B7BA00315ADD /* MapKit.framework in Frameworks */ = {isa = PBXBuildFile; fileRef = 4079F1532056B7BA00315ADD /* MapKit.framework */; };
		4079F15B2056BC2200315ADD /* GoogleMapsCore.framework in Sources */ = {isa = PBXBuildFile; fileRef = 4079F1592056BC2100315ADD /* GoogleMapsCore.framework */; };
		4079F15C2056BC2200315ADD /* GoogleMaps.framework in Sources */ = {isa = PBXBuildFile; fileRef = 4079F15A2056BC2200315ADD /* GoogleMaps.framework */; };
		4079F15E2056BC7700315ADD /* GoogleMaps.bundle in Sources */ = {isa = PBXBuildFile; fileRef = 4079F15D2056BC5C00315ADD /* GoogleMaps.bundle */; };
		4079F1642057FD3000315ADD /* MapViewController.swift in Sources */ = {isa = PBXBuildFile; fileRef = 4079F1632057FD3000315ADD /* MapViewController.swift */; };
		AD7810EEA85C1C6F230D1ECF /* Pods_velib_mobile_iosTests.framework in Frameworks */ = {isa = PBXBuildFile; fileRef = 07FA4EC7548EA2706822EA09 /* Pods_velib_mobile_iosTests.framework */; };
		C59626FE2760B2B6CA15B612 /* Pods_velib_mobile_ios.framework in Frameworks */ = {isa = PBXBuildFile; fileRef = 2607333D5B46B24FED60425B /* Pods_velib_mobile_ios.framework */; };
/* End PBXBuildFile section */

/* Begin PBXContainerItemProxy section */
		1F723BE12055326E002B6283 /* PBXContainerItemProxy */ = {
			isa = PBXContainerItemProxy;
			containerPortal = 1F723BC42055326E002B6283 /* Project object */;
			proxyType = 1;
			remoteGlobalIDString = 1F723BCB2055326E002B6283;
			remoteInfo = "velib-mobile-ios";
		};
/* End PBXContainerItemProxy section */

/* Begin PBXFileReference section */
		07FA4EC7548EA2706822EA09 /* Pods_velib_mobile_iosTests.framework */ = {isa = PBXFileReference; explicitFileType = wrapper.framework; includeInIndex = 0; path = Pods_velib_mobile_iosTests.framework; sourceTree = BUILT_PRODUCTS_DIR; };
		1F5B95A7205BEDB10024CCF0 /* MarkerView.xib */ = {isa = PBXFileReference; lastKnownFileType = file.xib; path = MarkerView.xib; sourceTree = "<group>"; };
		1F5B95A9205BEDBF0024CCF0 /* MarkerView.swift */ = {isa = PBXFileReference; lastKnownFileType = sourcecode.swift; path = MarkerView.swift; sourceTree = "<group>"; };
		1F5B95AB205BFF920024CCF0 /* VelibHelper.swift */ = {isa = PBXFileReference; lastKnownFileType = sourcecode.swift; path = VelibHelper.swift; sourceTree = "<group>"; };
		1F723BCC2055326E002B6283 /* velib-mobile-ios.app */ = {isa = PBXFileReference; explicitFileType = wrapper.application; includeInIndex = 0; path = "velib-mobile-ios.app"; sourceTree = BUILT_PRODUCTS_DIR; };
		1F723BCF2055326E002B6283 /* AppDelegate.swift */ = {isa = PBXFileReference; lastKnownFileType = sourcecode.swift; path = AppDelegate.swift; sourceTree = "<group>"; };
		1F723BD12055326E002B6283 /* MainViewController.swift */ = {isa = PBXFileReference; lastKnownFileType = sourcecode.swift; path = MainViewController.swift; sourceTree = "<group>"; };
		1F723BD42055326E002B6283 /* Base */ = {isa = PBXFileReference; lastKnownFileType = file.storyboard; name = Base; path = Base.lproj/Main.storyboard; sourceTree = "<group>"; };
		1F723BD62055326E002B6283 /* Assets.xcassets */ = {isa = PBXFileReference; lastKnownFileType = folder.assetcatalog; path = Assets.xcassets; sourceTree = "<group>"; };
		1F723BD92055326E002B6283 /* Base */ = {isa = PBXFileReference; lastKnownFileType = file.storyboard; name = Base; path = Base.lproj/LaunchScreen.storyboard; sourceTree = "<group>"; };
		1F723BDB2055326E002B6283 /* Info.plist */ = {isa = PBXFileReference; lastKnownFileType = text.plist.xml; path = Info.plist; sourceTree = "<group>"; };
		1F723BE02055326E002B6283 /* velib-mobile-iosTests.xctest */ = {isa = PBXFileReference; explicitFileType = wrapper.cfbundle; includeInIndex = 0; path = "velib-mobile-iosTests.xctest"; sourceTree = BUILT_PRODUCTS_DIR; };
		1F723BE42055326E002B6283 /* velib_mobile_iosTests.swift */ = {isa = PBXFileReference; lastKnownFileType = sourcecode.swift; path = velib_mobile_iosTests.swift; sourceTree = "<group>"; };
		1F723BE62055326E002B6283 /* Info.plist */ = {isa = PBXFileReference; lastKnownFileType = text.plist.xml; path = Info.plist; sourceTree = "<group>"; };
		1F723BF020553627002B6283 /* VelibClient.swift */ = {isa = PBXFileReference; lastKnownFileType = sourcecode.swift; path = VelibClient.swift; sourceTree = "<group>"; };
		1F723BF320553761002B6283 /* VelibModel.swift */ = {isa = PBXFileReference; lastKnownFileType = sourcecode.swift; path = VelibModel.swift; sourceTree = "<group>"; };
		1F723BF52055384D002B6283 /* PositionModel.swift */ = {isa = PBXFileReference; lastKnownFileType = sourcecode.swift; path = PositionModel.swift; sourceTree = "<group>"; };
		1F723BF8205541C9002B6283 /* VelibTableViewCell.xib */ = {isa = PBXFileReference; lastKnownFileType = file.xib; path = VelibTableViewCell.xib; sourceTree = "<group>"; };
		1F723BFA205544F0002B6283 /* VelibTableViewCell.swift */ = {isa = PBXFileReference; lastKnownFileType = sourcecode.swift; path = VelibTableViewCell.swift; sourceTree = "<group>"; };
		1F723BFD20554B41002B6283 /* VelibMainViewController.swift */ = {isa = PBXFileReference; lastKnownFileType = sourcecode.swift; path = VelibMainViewController.swift; sourceTree = "<group>"; };
		2607333D5B46B24FED60425B /* Pods_velib_mobile_ios.framework */ = {isa = PBXFileReference; explicitFileType = wrapper.framework; includeInIndex = 0; path = Pods_velib_mobile_ios.framework; sourceTree = BUILT_PRODUCTS_DIR; };
		4079F1532056B7BA00315ADD /* MapKit.framework */ = {isa = PBXFileReference; lastKnownFileType = wrapper.framework; name = MapKit.framework; path = System/Library/Frameworks/MapKit.framework; sourceTree = SDKROOT; };
		4079F1552056BB9600315ADD /* GoogleMapsCore.framework */ = {isa = PBXFileReference; lastKnownFileType = wrapper.framework; name = GoogleMapsCore.framework; path = Pods/GoogleMaps/Maps/Frameworks/GoogleMapsCore.framework; sourceTree = "<group>"; };
		4079F1562056BB9600315ADD /* GoogleMaps.framework */ = {isa = PBXFileReference; lastKnownFileType = wrapper.framework; name = GoogleMaps.framework; path = Pods/GoogleMaps/Maps/Frameworks/GoogleMaps.framework; sourceTree = "<group>"; };
		4079F1592056BC2100315ADD /* GoogleMapsCore.framework */ = {isa = PBXFileReference; lastKnownFileType = wrapper.framework; name = GoogleMapsCore.framework; path = Pods/GoogleMaps/Maps/Frameworks/GoogleMapsCore.framework; sourceTree = "<group>"; };
		4079F15A2056BC2200315ADD /* GoogleMaps.framework */ = {isa = PBXFileReference; lastKnownFileType = wrapper.framework; name = GoogleMaps.framework; path = Pods/GoogleMaps/Maps/Frameworks/GoogleMaps.framework; sourceTree = "<group>"; };
		4079F15D2056BC5C00315ADD /* GoogleMaps.bundle */ = {isa = PBXFileReference; lastKnownFileType = "wrapper.plug-in"; name = GoogleMaps.bundle; path = Pods/GoogleMaps/Maps/Frameworks/GoogleMaps.framework/Resources/GoogleMaps.bundle; sourceTree = "<group>"; };
		4079F1632057FD3000315ADD /* MapViewController.swift */ = {isa = PBXFileReference; lastKnownFileType = sourcecode.swift; path = MapViewController.swift; sourceTree = "<group>"; };
		4FADA4D60E3FD6106F1AECAF /* Pods-velib-mobile-ios.debug.xcconfig */ = {isa = PBXFileReference; includeInIndex = 1; lastKnownFileType = text.xcconfig; name = "Pods-velib-mobile-ios.debug.xcconfig"; path = "Pods/Target Support Files/Pods-velib-mobile-ios/Pods-velib-mobile-ios.debug.xcconfig"; sourceTree = "<group>"; };
		515D187E5C48B388151107EA /* Pods-velib-mobile-iosTests.release.xcconfig */ = {isa = PBXFileReference; includeInIndex = 1; lastKnownFileType = text.xcconfig; name = "Pods-velib-mobile-iosTests.release.xcconfig"; path = "Pods/Target Support Files/Pods-velib-mobile-iosTests/Pods-velib-mobile-iosTests.release.xcconfig"; sourceTree = "<group>"; };
		55694B29ABF6B968E8761930 /* Pods-velib-mobile-ios.release.xcconfig */ = {isa = PBXFileReference; includeInIndex = 1; lastKnownFileType = text.xcconfig; name = "Pods-velib-mobile-ios.release.xcconfig"; path = "Pods/Target Support Files/Pods-velib-mobile-ios/Pods-velib-mobile-ios.release.xcconfig"; sourceTree = "<group>"; };
		D630AAF9338E992209ECEDC9 /* Pods-velib-mobile-iosTests.debug.xcconfig */ = {isa = PBXFileReference; includeInIndex = 1; lastKnownFileType = text.xcconfig; name = "Pods-velib-mobile-iosTests.debug.xcconfig"; path = "Pods/Target Support Files/Pods-velib-mobile-iosTests/Pods-velib-mobile-iosTests.debug.xcconfig"; sourceTree = "<group>"; };
/* End PBXFileReference section */

/* Begin PBXFrameworksBuildPhase section */
		1F723BC92055326E002B6283 /* Frameworks */ = {
			isa = PBXFrameworksBuildPhase;
			buildActionMask = 2147483647;
			files = (
				4079F1542056B7BA00315ADD /* MapKit.framework in Frameworks */,
				C59626FE2760B2B6CA15B612 /* Pods_velib_mobile_ios.framework in Frameworks */,
			);
			runOnlyForDeploymentPostprocessing = 0;
		};
		1F723BDD2055326E002B6283 /* Frameworks */ = {
			isa = PBXFrameworksBuildPhase;
			buildActionMask = 2147483647;
			files = (
				AD7810EEA85C1C6F230D1ECF /* Pods_velib_mobile_iosTests.framework in Frameworks */,
			);
			runOnlyForDeploymentPostprocessing = 0;
		};
/* End PBXFrameworksBuildPhase section */

/* Begin PBXGroup section */
		1F5B95A3205BED2C0024CCF0 /* Velib */ = {
			isa = PBXGroup;
			children = (
				1F723BF720554164002B6283 /* VelibView */,
				1F723BF22055374E002B6283 /* VelibModel */,
				1F723BEF20553611002B6283 /* VelibClient */,
			);
			path = Velib;
			sourceTree = "<group>";
		};
		1F5B95A4205BED4C0024CCF0 /* Map */ = {
			isa = PBXGroup;
			children = (
				1F5B95A5205BED660024CCF0 /* MapView */,
			);
			path = Map;
			sourceTree = "<group>";
		};
		1F5B95A5205BED660024CCF0 /* MapView */ = {
			isa = PBXGroup;
			children = (
				1F5B95A6205BED880024CCF0 /* MapMarkerCustomView */,
				4079F1632057FD3000315ADD /* MapViewController.swift */,
			);
			path = MapView;
			sourceTree = "<group>";
		};
		1F5B95A6205BED880024CCF0 /* MapMarkerCustomView */ = {
			isa = PBXGroup;
			children = (
				1F5B95A7205BEDB10024CCF0 /* MarkerView.xib */,
				1F5B95A9205BEDBF0024CCF0 /* MarkerView.swift */,
			);
			path = MapMarkerCustomView;
			sourceTree = "<group>";
		};
		1F723BC32055326E002B6283 = {
			isa = PBXGroup;
			children = (
				4079F15D2056BC5C00315ADD /* GoogleMaps.bundle */,
				4079F1562056BB9600315ADD /* GoogleMaps.framework */,
				4079F15A2056BC2200315ADD /* GoogleMaps.framework */,
				4079F1552056BB9600315ADD /* GoogleMapsCore.framework */,
				4079F1592056BC2100315ADD /* GoogleMapsCore.framework */,
				1F723BCE2055326E002B6283 /* velib-mobile-ios */,
				1F723BE32055326E002B6283 /* velib-mobile-iosTests */,
				1F723BCD2055326E002B6283 /* Products */,
				7EC92BCFFC868A4E9B4BF0C5 /* Pods */,
				8E44D5D449956053B77062AA /* Frameworks */,
			);
			sourceTree = "<group>";
		};
		1F723BCD2055326E002B6283 /* Products */ = {
			isa = PBXGroup;
			children = (
				1F723BCC2055326E002B6283 /* velib-mobile-ios.app */,
				1F723BE02055326E002B6283 /* velib-mobile-iosTests.xctest */,
			);
			name = Products;
			sourceTree = "<group>";
		};
		1F723BCE2055326E002B6283 /* velib-mobile-ios */ = {
			isa = PBXGroup;
			children = (
				1F5B95A4205BED4C0024CCF0 /* Map */,
				1F5B95A3205BED2C0024CCF0 /* Velib */,
				1F723BCF2055326E002B6283 /* AppDelegate.swift */,
				1F723BD12055326E002B6283 /* MainViewController.swift */,
				1F723BD32055326E002B6283 /* Main.storyboard */,
				1F723BD62055326E002B6283 /* Assets.xcassets */,
				1F723BD82055326E002B6283 /* LaunchScreen.storyboard */,
				1F723BDB2055326E002B6283 /* Info.plist */,
				1F5B95AB205BFF920024CCF0 /* VelibHelper.swift */,
			);
			path = "velib-mobile-ios";
			sourceTree = "<group>";
		};
		1F723BE32055326E002B6283 /* velib-mobile-iosTests */ = {
			isa = PBXGroup;
			children = (
				1F723BE42055326E002B6283 /* velib_mobile_iosTests.swift */,
				1F723BE62055326E002B6283 /* Info.plist */,
			);
			path = "velib-mobile-iosTests";
			sourceTree = "<group>";
		};
		1F723BEF20553611002B6283 /* VelibClient */ = {
			isa = PBXGroup;
			children = (
				1F723BF020553627002B6283 /* VelibClient.swift */,
			);
			path = VelibClient;
			sourceTree = "<group>";
		};
		1F723BF22055374E002B6283 /* VelibModel */ = {
			isa = PBXGroup;
			children = (
				1F723BF320553761002B6283 /* VelibModel.swift */,
				1F723BF52055384D002B6283 /* PositionModel.swift */,
			);
			path = VelibModel;
			sourceTree = "<group>";
		};
		1F723BF720554164002B6283 /* VelibView */ = {
			isa = PBXGroup;
			children = (
				1F723BFC20554AFD002B6283 /* VelibTableViewCells */,
				1F723BFD20554B41002B6283 /* VelibMainViewController.swift */,
			);
			path = VelibView;
			sourceTree = "<group>";
		};
		1F723BFC20554AFD002B6283 /* VelibTableViewCells */ = {
			isa = PBXGroup;
			children = (
				1F723BF8205541C9002B6283 /* VelibTableViewCell.xib */,
				1F723BFA205544F0002B6283 /* VelibTableViewCell.swift */,
			);
			path = VelibTableViewCells;
			sourceTree = "<group>";
		};
		7EC92BCFFC868A4E9B4BF0C5 /* Pods */ = {
			isa = PBXGroup;
			children = (
				4FADA4D60E3FD6106F1AECAF /* Pods-velib-mobile-ios.debug.xcconfig */,
				55694B29ABF6B968E8761930 /* Pods-velib-mobile-ios.release.xcconfig */,
				D630AAF9338E992209ECEDC9 /* Pods-velib-mobile-iosTests.debug.xcconfig */,
				515D187E5C48B388151107EA /* Pods-velib-mobile-iosTests.release.xcconfig */,
			);
			name = Pods;
			sourceTree = "<group>";
		};
		8E44D5D449956053B77062AA /* Frameworks */ = {
			isa = PBXGroup;
			children = (
				4079F1532056B7BA00315ADD /* MapKit.framework */,
				2607333D5B46B24FED60425B /* Pods_velib_mobile_ios.framework */,
				07FA4EC7548EA2706822EA09 /* Pods_velib_mobile_iosTests.framework */,
			);
			name = Frameworks;
			sourceTree = "<group>";
		};
/* End PBXGroup section */

/* Begin PBXNativeTarget section */
		1F723BCB2055326E002B6283 /* velib-mobile-ios */ = {
			isa = PBXNativeTarget;
			buildConfigurationList = 1F723BE92055326E002B6283 /* Build configuration list for PBXNativeTarget "velib-mobile-ios" */;
			buildPhases = (
				A30152F3D9883258B82E863B /* [CP] Check Pods Manifest.lock */,
				1F723BC82055326E002B6283 /* Sources */,
				1F723BC92055326E002B6283 /* Frameworks */,
				1F723BCA2055326E002B6283 /* Resources */,
				01068FABB5F1F75C5ECF4DF7 /* [CP] Embed Pods Frameworks */,
				D330671D290E6A76AEEB6150 /* [CP] Copy Pods Resources */,
			);
			buildRules = (
			);
			dependencies = (
			);
			name = "velib-mobile-ios";
			productName = "velib-mobile-ios";
			productReference = 1F723BCC2055326E002B6283 /* velib-mobile-ios.app */;
			productType = "com.apple.product-type.application";
		};
		1F723BDF2055326E002B6283 /* velib-mobile-iosTests */ = {
			isa = PBXNativeTarget;
			buildConfigurationList = 1F723BEC2055326E002B6283 /* Build configuration list for PBXNativeTarget "velib-mobile-iosTests" */;
			buildPhases = (
				8493BAE7E3AA3479517D8E9B /* [CP] Check Pods Manifest.lock */,
				1F723BDC2055326E002B6283 /* Sources */,
				1F723BDD2055326E002B6283 /* Frameworks */,
				1F723BDE2055326E002B6283 /* Resources */,
				D5AC2DFEE4CF2A37192E3B42 /* [CP] Embed Pods Frameworks */,
				DF004B5CDA5E422AEEA47158 /* [CP] Copy Pods Resources */,
			);
			buildRules = (
			);
			dependencies = (
				1F723BE22055326E002B6283 /* PBXTargetDependency */,
			);
			name = "velib-mobile-iosTests";
			productName = "velib-mobile-iosTests";
			productReference = 1F723BE02055326E002B6283 /* velib-mobile-iosTests.xctest */;
			productType = "com.apple.product-type.bundle.unit-test";
		};
/* End PBXNativeTarget section */

/* Begin PBXProject section */
		1F723BC42055326E002B6283 /* Project object */ = {
			isa = PBXProject;
			attributes = {
				LastSwiftUpdateCheck = 0920;
				LastUpgradeCheck = 0920;
				ORGANIZATIONNAME = velib;
				TargetAttributes = {
					1F723BCB2055326E002B6283 = {
						CreatedOnToolsVersion = 9.2;
						ProvisioningStyle = Automatic;
						SystemCapabilities = {
							com.apple.Maps.iOS = {
								enabled = 1;
							};
						};
					};
					1F723BDF2055326E002B6283 = {
						CreatedOnToolsVersion = 9.2;
						ProvisioningStyle = Automatic;
						TestTargetID = 1F723BCB2055326E002B6283;
					};
				};
			};
			buildConfigurationList = 1F723BC72055326E002B6283 /* Build configuration list for PBXProject "velib-mobile-ios" */;
			compatibilityVersion = "Xcode 8.0";
			developmentRegion = en;
			hasScannedForEncodings = 0;
			knownRegions = (
				en,
				Base,
			);
			mainGroup = 1F723BC32055326E002B6283;
			productRefGroup = 1F723BCD2055326E002B6283 /* Products */;
			projectDirPath = "";
			projectRoot = "";
			targets = (
				1F723BCB2055326E002B6283 /* velib-mobile-ios */,
				1F723BDF2055326E002B6283 /* velib-mobile-iosTests */,
			);
		};
/* End PBXProject section */

/* Begin PBXResourcesBuildPhase section */
		1F723BCA2055326E002B6283 /* Resources */ = {
			isa = PBXResourcesBuildPhase;
			buildActionMask = 2147483647;
			files = (
				1F723BF9205541CA002B6283 /* VelibTableViewCell.xib in Resources */,
				1F723BDA2055326E002B6283 /* LaunchScreen.storyboard in Resources */,
				1F5B95A8205BEDB10024CCF0 /* MarkerView.xib in Resources */,
				1F723BD72055326E002B6283 /* Assets.xcassets in Resources */,
				1F723BD52055326E002B6283 /* Main.storyboard in Resources */,
			);
			runOnlyForDeploymentPostprocessing = 0;
		};
		1F723BDE2055326E002B6283 /* Resources */ = {
			isa = PBXResourcesBuildPhase;
			buildActionMask = 2147483647;
			files = (
			);
			runOnlyForDeploymentPostprocessing = 0;
		};
/* End PBXResourcesBuildPhase section */

/* Begin PBXShellScriptBuildPhase section */
		01068FABB5F1F75C5ECF4DF7 /* [CP] Embed Pods Frameworks */ = {
			isa = PBXShellScriptBuildPhase;
			buildActionMask = 2147483647;
			files = (
			);
			inputPaths = (
				"${SRCROOT}/Pods/Target Support Files/Pods-velib-mobile-ios/Pods-velib-mobile-ios-frameworks.sh",
				"${BUILT_PRODUCTS_DIR}/Alamofire/Alamofire.framework",
				"${BUILT_PRODUCTS_DIR}/RxAlamofire/RxAlamofire.framework",
				"${BUILT_PRODUCTS_DIR}/RxCocoa/RxCocoa.framework",
				"${BUILT_PRODUCTS_DIR}/RxSwift/RxSwift.framework",
			);
			name = "[CP] Embed Pods Frameworks";
			outputPaths = (
				"${TARGET_BUILD_DIR}/${FRAMEWORKS_FOLDER_PATH}/Alamofire.framework",
				"${TARGET_BUILD_DIR}/${FRAMEWORKS_FOLDER_PATH}/RxAlamofire.framework",
				"${TARGET_BUILD_DIR}/${FRAMEWORKS_FOLDER_PATH}/RxCocoa.framework",
				"${TARGET_BUILD_DIR}/${FRAMEWORKS_FOLDER_PATH}/RxSwift.framework",
			);
			runOnlyForDeploymentPostprocessing = 0;
			shellPath = /bin/sh;
			shellScript = "\"${SRCROOT}/Pods/Target Support Files/Pods-velib-mobile-ios/Pods-velib-mobile-ios-frameworks.sh\"\n";
			showEnvVarsInLog = 0;
		};
		8493BAE7E3AA3479517D8E9B /* [CP] Check Pods Manifest.lock */ = {
			isa = PBXShellScriptBuildPhase;
			buildActionMask = 2147483647;
			files = (
			);
			inputPaths = (
				"${PODS_PODFILE_DIR_PATH}/Podfile.lock",
				"${PODS_ROOT}/Manifest.lock",
			);
			name = "[CP] Check Pods Manifest.lock";
			outputPaths = (
				"$(DERIVED_FILE_DIR)/Pods-velib-mobile-iosTests-checkManifestLockResult.txt",
			);
			runOnlyForDeploymentPostprocessing = 0;
			shellPath = /bin/sh;
			shellScript = "diff \"${PODS_PODFILE_DIR_PATH}/Podfile.lock\" \"${PODS_ROOT}/Manifest.lock\" > /dev/null\nif [ $? != 0 ] ; then\n    # print error to STDERR\n    echo \"error: The sandbox is not in sync with the Podfile.lock. Run 'pod install' or update your CocoaPods installation.\" >&2\n    exit 1\nfi\n# This output is used by Xcode 'outputs' to avoid re-running this script phase.\necho \"SUCCESS\" > \"${SCRIPT_OUTPUT_FILE_0}\"\n";
			showEnvVarsInLog = 0;
		};
		A30152F3D9883258B82E863B /* [CP] Check Pods Manifest.lock */ = {
			isa = PBXShellScriptBuildPhase;
			buildActionMask = 2147483647;
			files = (
			);
			inputPaths = (
				"${PODS_PODFILE_DIR_PATH}/Podfile.lock",
				"${PODS_ROOT}/Manifest.lock",
			);
			name = "[CP] Check Pods Manifest.lock";
			outputPaths = (
				"$(DERIVED_FILE_DIR)/Pods-velib-mobile-ios-checkManifestLockResult.txt",
			);
			runOnlyForDeploymentPostprocessing = 0;
			shellPath = /bin/sh;
			shellScript = "diff \"${PODS_PODFILE_DIR_PATH}/Podfile.lock\" \"${PODS_ROOT}/Manifest.lock\" > /dev/null\nif [ $? != 0 ] ; then\n    # print error to STDERR\n    echo \"error: The sandbox is not in sync with the Podfile.lock. Run 'pod install' or update your CocoaPods installation.\" >&2\n    exit 1\nfi\n# This output is used by Xcode 'outputs' to avoid re-running this script phase.\necho \"SUCCESS\" > \"${SCRIPT_OUTPUT_FILE_0}\"\n";
			showEnvVarsInLog = 0;
		};
		D330671D290E6A76AEEB6150 /* [CP] Copy Pods Resources */ = {
			isa = PBXShellScriptBuildPhase;
			buildActionMask = 2147483647;
			files = (
			);
			inputPaths = (
				"${SRCROOT}/Pods/Target Support Files/Pods-velib-mobile-ios/Pods-velib-mobile-ios-resources.sh",
				"${PODS_ROOT}/GoogleMaps/Maps/Frameworks/GoogleMaps.framework/Resources/GoogleMaps.bundle",
				"${PODS_ROOT}/GooglePlaces/Frameworks/GooglePlaces.framework/Resources/GooglePlaces.bundle",
			);
			name = "[CP] Copy Pods Resources";
			outputPaths = (
				"${TARGET_BUILD_DIR}/${UNLOCALIZED_RESOURCES_FOLDER_PATH}",
			);
			runOnlyForDeploymentPostprocessing = 0;
			shellPath = /bin/sh;
			shellScript = "\"${SRCROOT}/Pods/Target Support Files/Pods-velib-mobile-ios/Pods-velib-mobile-ios-resources.sh\"\n";
			showEnvVarsInLog = 0;
		};
		D5AC2DFEE4CF2A37192E3B42 /* [CP] Embed Pods Frameworks */ = {
			isa = PBXShellScriptBuildPhase;
			buildActionMask = 2147483647;
			files = (
			);
			inputPaths = (
			);
			name = "[CP] Embed Pods Frameworks";
			outputPaths = (
			);
			runOnlyForDeploymentPostprocessing = 0;
			shellPath = /bin/sh;
			shellScript = "\"${SRCROOT}/Pods/Target Support Files/Pods-velib-mobile-iosTests/Pods-velib-mobile-iosTests-frameworks.sh\"\n";
			showEnvVarsInLog = 0;
		};
		DF004B5CDA5E422AEEA47158 /* [CP] Copy Pods Resources */ = {
			isa = PBXShellScriptBuildPhase;
			buildActionMask = 2147483647;
			files = (
			);
			inputPaths = (
			);
			name = "[CP] Copy Pods Resources";
			outputPaths = (
			);
			runOnlyForDeploymentPostprocessing = 0;
			shellPath = /bin/sh;
			shellScript = "\"${SRCROOT}/Pods/Target Support Files/Pods-velib-mobile-iosTests/Pods-velib-mobile-iosTests-resources.sh\"\n";
			showEnvVarsInLog = 0;
		};
/* End PBXShellScriptBuildPhase section */

/* Begin PBXSourcesBuildPhase section */
		1F723BC82055326E002B6283 /* Sources */ = {
			isa = PBXSourcesBuildPhase;
			buildActionMask = 2147483647;
			files = (
				4079F15E2056BC7700315ADD /* GoogleMaps.bundle in Sources */,
				4079F15B2056BC2200315ADD /* GoogleMapsCore.framework in Sources */,
				4079F15C2056BC2200315ADD /* GoogleMaps.framework in Sources */,
				1F723BF120553627002B6283 /* VelibClient.swift in Sources */,
				1F5B95AA205BEDBF0024CCF0 /* MarkerView.swift in Sources */,
				1F723BD22055326E002B6283 /* MainViewController.swift in Sources */,
				1F723BF62055384D002B6283 /* PositionModel.swift in Sources */,
				1F723BF420553761002B6283 /* VelibModel.swift in Sources */,
				4079F1642057FD3000315ADD /* MapViewController.swift in Sources */,
				1F723BFB205544F0002B6283 /* VelibTableViewCell.swift in Sources */,
				1F723BD02055326E002B6283 /* AppDelegate.swift in Sources */,
				1F723BFE20554B41002B6283 /* VelibMainViewController.swift in Sources */,
				1F5B95AC205BFF920024CCF0 /* VelibHelper.swift in Sources */,
			);
			runOnlyForDeploymentPostprocessing = 0;
		};
		1F723BDC2055326E002B6283 /* Sources */ = {
			isa = PBXSourcesBuildPhase;
			buildActionMask = 2147483647;
			files = (
				1F723BE52055326E002B6283 /* velib_mobile_iosTests.swift in Sources */,
			);
			runOnlyForDeploymentPostprocessing = 0;
		};
/* End PBXSourcesBuildPhase section */

/* Begin PBXTargetDependency section */
		1F723BE22055326E002B6283 /* PBXTargetDependency */ = {
			isa = PBXTargetDependency;
			target = 1F723BCB2055326E002B6283 /* velib-mobile-ios */;
			targetProxy = 1F723BE12055326E002B6283 /* PBXContainerItemProxy */;
		};
/* End PBXTargetDependency section */

/* Begin PBXVariantGroup section */
		1F723BD32055326E002B6283 /* Main.storyboard */ = {
			isa = PBXVariantGroup;
			children = (
				1F723BD42055326E002B6283 /* Base */,
			);
			name = Main.storyboard;
			sourceTree = "<group>";
		};
		1F723BD82055326E002B6283 /* LaunchScreen.storyboard */ = {
			isa = PBXVariantGroup;
			children = (
				1F723BD92055326E002B6283 /* Base */,
			);
			name = LaunchScreen.storyboard;
			sourceTree = "<group>";
		};
/* End PBXVariantGroup section */

/* Begin XCBuildConfiguration section */
		1F723BE72055326E002B6283 /* Debug */ = {
			isa = XCBuildConfiguration;
			buildSettings = {
				ALWAYS_SEARCH_USER_PATHS = NO;
				CLANG_ANALYZER_NONNULL = YES;
				CLANG_ANALYZER_NUMBER_OBJECT_CONVERSION = YES_AGGRESSIVE;
				CLANG_CXX_LANGUAGE_STANDARD = "gnu++14";
				CLANG_CXX_LIBRARY = "libc++";
				CLANG_ENABLE_MODULES = YES;
				CLANG_ENABLE_OBJC_ARC = YES;
				CLANG_WARN_BLOCK_CAPTURE_AUTORELEASING = YES;
				CLANG_WARN_BOOL_CONVERSION = YES;
				CLANG_WARN_COMMA = YES;
				CLANG_WARN_CONSTANT_CONVERSION = YES;
				CLANG_WARN_DIRECT_OBJC_ISA_USAGE = YES_ERROR;
				CLANG_WARN_DOCUMENTATION_COMMENTS = YES;
				CLANG_WARN_EMPTY_BODY = YES;
				CLANG_WARN_ENUM_CONVERSION = YES;
				CLANG_WARN_INFINITE_RECURSION = YES;
				CLANG_WARN_INT_CONVERSION = YES;
				CLANG_WARN_NON_LITERAL_NULL_CONVERSION = YES;
				CLANG_WARN_OBJC_LITERAL_CONVERSION = YES;
				CLANG_WARN_OBJC_ROOT_CLASS = YES_ERROR;
				CLANG_WARN_RANGE_LOOP_ANALYSIS = YES;
				CLANG_WARN_STRICT_PROTOTYPES = YES;
				CLANG_WARN_SUSPICIOUS_MOVE = YES;
				CLANG_WARN_UNGUARDED_AVAILABILITY = YES_AGGRESSIVE;
				CLANG_WARN_UNREACHABLE_CODE = YES;
				CLANG_WARN__DUPLICATE_METHOD_MATCH = YES;
				CODE_SIGN_IDENTITY = "iPhone Developer";
				COPY_PHASE_STRIP = NO;
				DEBUG_INFORMATION_FORMAT = dwarf;
				ENABLE_STRICT_OBJC_MSGSEND = YES;
				ENABLE_TESTABILITY = YES;
				GCC_C_LANGUAGE_STANDARD = gnu11;
				GCC_DYNAMIC_NO_PIC = NO;
				GCC_NO_COMMON_BLOCKS = YES;
				GCC_OPTIMIZATION_LEVEL = 0;
				GCC_PREPROCESSOR_DEFINITIONS = (
					"DEBUG=1",
					"$(inherited)",
				);
				GCC_WARN_64_TO_32_BIT_CONVERSION = YES;
				GCC_WARN_ABOUT_RETURN_TYPE = YES_ERROR;
				GCC_WARN_UNDECLARED_SELECTOR = YES;
				GCC_WARN_UNINITIALIZED_AUTOS = YES_AGGRESSIVE;
				GCC_WARN_UNUSED_FUNCTION = YES;
				GCC_WARN_UNUSED_VARIABLE = YES;
				IPHONEOS_DEPLOYMENT_TARGET = 11.2;
				MTL_ENABLE_DEBUG_INFO = YES;
				ONLY_ACTIVE_ARCH = YES;
				SDKROOT = iphoneos;
				SWIFT_ACTIVE_COMPILATION_CONDITIONS = DEBUG;
				SWIFT_OPTIMIZATION_LEVEL = "-Onone";
			};
			name = Debug;
		};
		1F723BE82055326E002B6283 /* Release */ = {
			isa = XCBuildConfiguration;
			buildSettings = {
				ALWAYS_SEARCH_USER_PATHS = NO;
				CLANG_ANALYZER_NONNULL = YES;
				CLANG_ANALYZER_NUMBER_OBJECT_CONVERSION = YES_AGGRESSIVE;
				CLANG_CXX_LANGUAGE_STANDARD = "gnu++14";
				CLANG_CXX_LIBRARY = "libc++";
				CLANG_ENABLE_MODULES = YES;
				CLANG_ENABLE_OBJC_ARC = YES;
				CLANG_WARN_BLOCK_CAPTURE_AUTORELEASING = YES;
				CLANG_WARN_BOOL_CONVERSION = YES;
				CLANG_WARN_COMMA = YES;
				CLANG_WARN_CONSTANT_CONVERSION = YES;
				CLANG_WARN_DIRECT_OBJC_ISA_USAGE = YES_ERROR;
				CLANG_WARN_DOCUMENTATION_COMMENTS = YES;
				CLANG_WARN_EMPTY_BODY = YES;
				CLANG_WARN_ENUM_CONVERSION = YES;
				CLANG_WARN_INFINITE_RECURSION = YES;
				CLANG_WARN_INT_CONVERSION = YES;
				CLANG_WARN_NON_LITERAL_NULL_CONVERSION = YES;
				CLANG_WARN_OBJC_LITERAL_CONVERSION = YES;
				CLANG_WARN_OBJC_ROOT_CLASS = YES_ERROR;
				CLANG_WARN_RANGE_LOOP_ANALYSIS = YES;
				CLANG_WARN_STRICT_PROTOTYPES = YES;
				CLANG_WARN_SUSPICIOUS_MOVE = YES;
				CLANG_WARN_UNGUARDED_AVAILABILITY = YES_AGGRESSIVE;
				CLANG_WARN_UNREACHABLE_CODE = YES;
				CLANG_WARN__DUPLICATE_METHOD_MATCH = YES;
				CODE_SIGN_IDENTITY = "iPhone Developer";
				COPY_PHASE_STRIP = NO;
				DEBUG_INFORMATION_FORMAT = "dwarf-with-dsym";
				ENABLE_NS_ASSERTIONS = NO;
				ENABLE_STRICT_OBJC_MSGSEND = YES;
				GCC_C_LANGUAGE_STANDARD = gnu11;
				GCC_NO_COMMON_BLOCKS = YES;
				GCC_WARN_64_TO_32_BIT_CONVERSION = YES;
				GCC_WARN_ABOUT_RETURN_TYPE = YES_ERROR;
				GCC_WARN_UNDECLARED_SELECTOR = YES;
				GCC_WARN_UNINITIALIZED_AUTOS = YES_AGGRESSIVE;
				GCC_WARN_UNUSED_FUNCTION = YES;
				GCC_WARN_UNUSED_VARIABLE = YES;
				IPHONEOS_DEPLOYMENT_TARGET = 11.2;
				MTL_ENABLE_DEBUG_INFO = NO;
				SDKROOT = iphoneos;
				SWIFT_OPTIMIZATION_LEVEL = "-Owholemodule";
				VALIDATE_PRODUCT = YES;
			};
			name = Release;
		};
		1F723BEA2055326E002B6283 /* Debug */ = {
			isa = XCBuildConfiguration;
			baseConfigurationReference = 4FADA4D60E3FD6106F1AECAF /* Pods-velib-mobile-ios.debug.xcconfig */;
			buildSettings = {
				ASSETCATALOG_COMPILER_APPICON_NAME = AppIcon;
				CODE_SIGN_STYLE = Automatic;
				DEVELOPMENT_TEAM = TRKP8L725F;
				INFOPLIST_FILE = "velib-mobile-ios/Info.plist";
				LD_RUNPATH_SEARCH_PATHS = "$(inherited) @executable_path/Frameworks";
				PRODUCT_BUNDLE_IDENTIFIER = "com.velib-mobile-ios";
				PRODUCT_NAME = "$(TARGET_NAME)";
				SWIFT_VERSION = 4.0;
				TARGETED_DEVICE_FAMILY = 1;
			};
			name = Debug;
		};
		1F723BEB2055326E002B6283 /* Release */ = {
			isa = XCBuildConfiguration;
			baseConfigurationReference = 55694B29ABF6B968E8761930 /* Pods-velib-mobile-ios.release.xcconfig */;
			buildSettings = {
				ASSETCATALOG_COMPILER_APPICON_NAME = AppIcon;
				CODE_SIGN_STYLE = Automatic;
				DEVELOPMENT_TEAM = TRKP8L725F;
				INFOPLIST_FILE = "velib-mobile-ios/Info.plist";
				LD_RUNPATH_SEARCH_PATHS = "$(inherited) @executable_path/Frameworks";
				PRODUCT_BUNDLE_IDENTIFIER = "com.velib-mobile-ios";
				PRODUCT_NAME = "$(TARGET_NAME)";
				SWIFT_VERSION = 4.0;
				TARGETED_DEVICE_FAMILY = 1;
			};
			name = Release;
		};
		1F723BED2055326E002B6283 /* Debug */ = {
			isa = XCBuildConfiguration;
			baseConfigurationReference = D630AAF9338E992209ECEDC9 /* Pods-velib-mobile-iosTests.debug.xcconfig */;
			buildSettings = {
				ALWAYS_EMBED_SWIFT_STANDARD_LIBRARIES = YES;
				BUNDLE_LOADER = "$(TEST_HOST)";
				CODE_SIGN_STYLE = Automatic;
				DEVELOPMENT_TEAM = TRKP8L725F;
				INFOPLIST_FILE = "velib-mobile-iosTests/Info.plist";
				LD_RUNPATH_SEARCH_PATHS = "$(inherited) @executable_path/Frameworks @loader_path/Frameworks";
				PRODUCT_BUNDLE_IDENTIFIER = "com.velib-mobile-iosTests";
				PRODUCT_NAME = "$(TARGET_NAME)";
				SWIFT_VERSION = 4.0;
				TARGETED_DEVICE_FAMILY = "1,2";
				TEST_HOST = "$(BUILT_PRODUCTS_DIR)/velib-mobile-ios.app/velib-mobile-ios";
			};
			name = Debug;
		};
		1F723BEE2055326E002B6283 /* Release */ = {
			isa = XCBuildConfiguration;
			baseConfigurationReference = 515D187E5C48B388151107EA /* Pods-velib-mobile-iosTests.release.xcconfig */;
			buildSettings = {
				ALWAYS_EMBED_SWIFT_STANDARD_LIBRARIES = YES;
				BUNDLE_LOADER = "$(TEST_HOST)";
				CODE_SIGN_STYLE = Automatic;
				DEVELOPMENT_TEAM = TRKP8L725F;
				INFOPLIST_FILE = "velib-mobile-iosTests/Info.plist";
				LD_RUNPATH_SEARCH_PATHS = "$(inherited) @executable_path/Frameworks @loader_path/Frameworks";
				PRODUCT_BUNDLE_IDENTIFIER = "com.velib-mobile-iosTests";
				PRODUCT_NAME = "$(TARGET_NAME)";
				SWIFT_VERSION = 4.0;
				TARGETED_DEVICE_FAMILY = "1,2";
				TEST_HOST = "$(BUILT_PRODUCTS_DIR)/velib-mobile-ios.app/velib-mobile-ios";
			};
			name = Release;
		};
/* End XCBuildConfiguration section */

/* Begin XCConfigurationList section */
		1F723BC72055326E002B6283 /* Build configuration list for PBXProject "velib-mobile-ios" */ = {
			isa = XCConfigurationList;
			buildConfigurations = (
				1F723BE72055326E002B6283 /* Debug */,
				1F723BE82055326E002B6283 /* Release */,
			);
			defaultConfigurationIsVisible = 0;
			defaultConfigurationName = Release;
		};
		1F723BE92055326E002B6283 /* Build configuration list for PBXNativeTarget "velib-mobile-ios" */ = {
			isa = XCConfigurationList;
			buildConfigurations = (
				1F723BEA2055326E002B6283 /* Debug */,
				1F723BEB2055326E002B6283 /* Release */,
			);
			defaultConfigurationIsVisible = 0;
			defaultConfigurationName = Release;
		};
		1F723BEC2055326E002B6283 /* Build configuration list for PBXNativeTarget "velib-mobile-iosTests" */ = {
			isa = XCConfigurationList;
			buildConfigurations = (
				1F723BED2055326E002B6283 /* Debug */,
				1F723BEE2055326E002B6283 /* Release */,
			);
			defaultConfigurationIsVisible = 0;
			defaultConfigurationName = Release;
		};
/* End XCConfigurationList section */
	};
	rootObject = 1F723BC42055326E002B6283 /* Project object */;
}
